
Microsoft Visual Studio Solution File, Format Version 12.00
# Visual Studio 15
VisualStudioVersion = 15.0.27428.2037
MinimumVisualStudioVersion = 10.0.40219.1
Project("{FAE04EC0-301F-11D3-BF4B-00C04F79EFBC}") = "qnaSyncGUI", "qnaSyncGUI\qnaSyncGUI.csproj", "{B4F40FA2-2BB8-4E05-A7FB-763E7D433469}"
EndProject
Global
	GlobalSection(SolutionConfigurationPlatforms) = preSolution
		Debug|Any CPU = Debug|Any CPU
		Release|Any CPU = Release|Any CPU
	EndGlobalSection
	GlobalSection(ProjectConfigurationPlatforms) = postSolution
		{B4F40FA2-2BB8-4E05-A7FB-763E7D433469}.Debug|Any CPU.ActiveCfg = Debug|Any CPU
		{B4F40FA2-2BB8-4E05-A7FB-763E7D433469}.Debug|Any CPU.Build.0 = Debug|Any CPU
		{B4F40FA2-2BB8-4E05-A7FB-763E7D433469}.Release|Any CPU.ActiveCfg = Release|Any CPU
		{B4F40FA2-2BB8-4E05-A7FB-763E7D433469}.Release|Any CPU.Build.0 = Release|Any CPU
	EndGlobalSection
	GlobalSection(SolutionProperties) = preSolution
		HideSolutionNode = FALSE
	EndGlobalSection
	GlobalSection(ExtensibilityGlobals) = postSolution
		SolutionGuid = {18D1630E-6233-481B-957B-638C157E561C}
	EndGlobalSection
EndGlobal
